<?xml version="1.0" encoding="utf-8"?>
<Project ToolsVersion="4.0" xmlns="http://schemas.microsoft.com/developer/msbuild/2003">
  <ItemGroup>
    <Filter Include="Source Files">
      <UniqueIdentifier>{4FC737F1-C7A5-4376-A066-2A32D752A2FF}</UniqueIdentifier>
      <Extensions>cpp;c;cc;cxx;def;odl;idl;hpj;bat;asm;asmx</Extensions>
    </Filter>
    <Filter Include="Header Files">
      <UniqueIdentifier>{93995380-89BD-4b04-88EB-625FBE52EBFB}</UniqueIdentifier>
      <Extensions>h;hh;hpp;hxx;hm;inl;inc;xsd</Extensions>
    </Filter>
    <Filter Include="Resource Files">
      <UniqueIdentifier>{67DA6AB6-F800-4c08-8B7A-83BB121AAD01}</UniqueIdentifier>
      <Extensions>rc;ico;cur;bmp;dlg;rc2;rct;bin;rgs;gif;jpg;jpeg;jpe;resx;tiff;tif;png;wav</Extensions>
    </Filter>
    <Filter Include="Source Files\uWS">
      <UniqueIdentifier>{81ea60e0-1395-44ba-bde3-633bb7c01ec4}</UniqueIdentifier>
    </Filter>
    <Filter Include="Header Files\uWS">
      <UniqueIdentifier>{6b0b1b03-d8d1-4fad-85b1-d06449a83212}</UniqueIdentifier>
    </Filter>
  </ItemGroup>
  <ItemGroup>
    <ClInclude Include="include64\libuv\android-ifaddrs.h">
      <Filter>Header Files</Filter>
    </ClInclude>
    <ClInclude Include="include64\libuv\pthread-barrier.h">
      <Filter>Header Files</Filter>
    </ClInclude>
    <ClInclude Include="include64\libuv\stdint-msvc2008.h">
      <Filter>Header Files</Filter>
    </ClInclude>
    <ClInclude Include="include64\libuv\tree.h">
      <Filter>Header Files</Filter>
    </ClInclude>
    <ClInclude Include="include64\libuv\uv-aix.h">
      <Filter>Header Files</Filter>
    </ClInclude>
    <ClInclude Include="include64\libuv\uv-bsd.h">
      <Filter>Header Files</Filter>
    </ClInclude>
    <ClInclude Include="include64\libuv\uv-darwin.h">
      <Filter>Header Files</Filter>
    </ClInclude>
    <ClInclude Include="include64\libuv\uv-errno.h">
      <Filter>Header Files</Filter>
    </ClInclude>
    <ClInclude Include="include64\libuv\uv-linux.h">
      <Filter>Header Files</Filter>
    </ClInclude>
    <ClInclude Include="include64\libuv\uv-sunos.h">
      <Filter>Header Files</Filter>
    </ClInclude>
    <ClInclude Include="include64\libuv\uv-threadpool.h">
      <Filter>Header Files</Filter>
    </ClInclude>
    <ClInclude Include="include64\libuv\uv-unix.h">
      <Filter>Header Files</Filter>
    </ClInclude>
    <ClInclude Include="include64\libuv\uv-version.h">
      <Filter>Header Files</Filter>
    </ClInclude>
    <ClInclude Include="include64\libuv\uv-win.h">
      <Filter>Header Files</Filter>
    </ClInclude>
    <ClInclude Include="include64\libuv\uv.h">
      <Filter>Header Files</Filter>
    </ClInclude>
    <ClInclude Include="include64\openssl\aes.h">
      <Filter>Header Files</Filter>
    </ClInclude>
    <ClInclude Include="include64\openssl\asn1.h">
      <Filter>Header Files</Filter>
    </ClInclude>
    <ClInclude Include="include64\openssl\asn1t.h">
      <Filter>Header Files</Filter>
    </ClInclude>
    <ClInclude Include="include64\openssl\asn1_mac.h">
      <Filter>Header Files</Filter>
    </ClInclude>
    <ClInclude Include="include64\openssl\async.h">
      <Filter>Header Files</Filter>
    </ClInclude>
    <ClInclude Include="include64\openssl\bio.h">
      <Filter>Header Files</Filter>
    </ClInclude>
    <ClInclude Include="include64\openssl\blowfish.h">
      <Filter>Header Files</Filter>
    </ClInclude>
    <ClInclude Include="include64\openssl\bn.h">
      <Filter>Header Files</Filter>
    </ClInclude>
    <ClInclude Include="include64\openssl\buffer.h">
      <Filter>Header Files</Filter>
    </ClInclude>
    <ClInclude Include="include64\openssl\camellia.h">
      <Filter>Header Files</Filter>
    </ClInclude>
    <ClInclude Include="include64\openssl\cast.h">
      <Filter>Header Files</Filter>
    </ClInclude>
    <ClInclude Include="include64\openssl\cmac.h">
      <Filter>Header Files</Filter>
    </ClInclude>
    <ClInclude Include="include64\openssl\cms.h">
      <Filter>Header Files</Filter>
    </ClInclude>
    <ClInclude Include="include64\openssl\comp.h">
      <Filter>Header Files</Filter>
    </ClInclude>
    <ClInclude Include="include64\openssl\conf.h">
      <Filter>Header Files</Filter>
    </ClInclude>
    <ClInclude Include="include64\openssl\conf_api.h">
      <Filter>Header Files</Filter>
    </ClInclude>
    <ClInclude Include="include64\openssl\crypto.h">
      <Filter>Header Files</Filter>
    </ClInclude>
    <ClInclude Include="include64\openssl\ct.h">
      <Filter>Header Files</Filter>
    </ClInclude>
    <ClInclude Include="include64\openssl\des.h">
      <Filter>Header Files</Filter>
    </ClInclude>
    <ClInclude Include="include64\openssl\dh.h">
      <Filter>Header Files</Filter>
    </ClInclude>
    <ClInclude Include="include64\openssl\dsa.h">
      <Filter>Header Files</Filter>
    </ClInclude>
    <ClInclude Include="include64\openssl\dtls1.h">
      <Filter>Header Files</Filter>
    </ClInclude>
    <ClInclude Include="include64\openssl\ebcdic.h">
      <Filter>Header Files</Filter>
    </ClInclude>
    <ClInclude Include="include64\openssl\ec.h">
      <Filter>Header Files</Filter>
    </ClInclude>
    <ClInclude Include="include64\openssl\ecdh.h">
      <Filter>Header Files</Filter>
    </ClInclude>
    <ClInclude Include="include64\openssl\ecdsa.h">
      <Filter>Header Files</Filter>
    </ClInclude>
    <ClInclude Include="include64\openssl\engine.h">
      <Filter>Header Files</Filter>
    </ClInclude>
    <ClInclude Include="include64\openssl\err.h">
      <Filter>Header Files</Filter>
    </ClInclude>
    <ClInclude Include="include64\openssl\evp.h">
      <Filter>Header Files</Filter>
    </ClInclude>
    <ClInclude Include="include64\openssl\e_os2.h">
      <Filter>Header Files</Filter>
    </ClInclude>
    <ClInclude Include="include64\openssl\hmac.h">
      <Filter>Header Files</Filter>
    </ClInclude>
    <ClInclude Include="include64\openssl\idea.h">
      <Filter>Header Files</Filter>
    </ClInclude>
    <ClInclude Include="include64\openssl\kdf.h">
      <Filter>Header Files</Filter>
    </ClInclude>
    <ClInclude Include="include64\openssl\lhash.h">
      <Filter>Header Files</Filter>
    </ClInclude>
    <ClInclude Include="include64\openssl\md2.h">
      <Filter>Header Files</Filter>
    </ClInclude>
    <ClInclude Include="include64\openssl\md4.h">
      <Filter>Header Files</Filter>
    </ClInclude>
    <ClInclude Include="include64\openssl\md5.h">
      <Filter>Header Files</Filter>
    </ClInclude>
    <ClInclude Include="include64\openssl\mdc2.h">
      <Filter>Header Files</Filter>
    </ClInclude>
    <ClInclude Include="include64\openssl\modes.h">
      <Filter>Header Files</Filter>
    </ClInclude>
    <ClInclude Include="include64\openssl\objects.h">
      <Filter>Header Files</Filter>
    </ClInclude>
    <ClInclude Include="include64\openssl\obj_mac.h">
      <Filter>Header Files</Filter>
    </ClInclude>
    <ClInclude Include="include64\openssl\ocsp.h">
      <Filter>Header Files</Filter>
    </ClInclude>
    <ClInclude Include="include64\openssl\opensslconf.h">
      <Filter>Header Files</Filter>
    </ClInclude>
    <ClInclude Include="include64\openssl\opensslv.h">
      <Filter>Header Files</Filter>
    </ClInclude>
    <ClInclude Include="include64\openssl\ossl_typ.h">
      <Filter>Header Files</Filter>
    </ClInclude>
    <ClInclude Include="include64\openssl\pem.h">
      <Filter>Header Files</Filter>
    </ClInclude>
    <ClInclude Include="include64\openssl\pem2.h">
      <Filter>Header Files</Filter>
    </ClInclude>
    <ClInclude Include="include64\openssl\pkcs12.h">
      <Filter>Header Files</Filter>
    </ClInclude>
    <ClInclude Include="include64\openssl\pkcs7.h">
      <Filter>Header Files</Filter>
    </ClInclude>
    <ClInclude Include="include64\openssl\rand.h">
      <Filter>Header Files</Filter>
    </ClInclude>
    <ClInclude Include="include64\openssl\rc2.h">
      <Filter>Header Files</Filter>
    </ClInclude>
    <ClInclude Include="include64\openssl\rc4.h">
      <Filter>Header Files</Filter>
    </ClInclude>
    <ClInclude Include="include64\openssl\rc5.h">
      <Filter>Header Files</Filter>
    </ClInclude>
    <ClInclude Include="include64\openssl\ripemd.h">
      <Filter>Header Files</Filter>
    </ClInclude>
    <ClInclude Include="include64\openssl\rsa.h">
      <Filter>Header Files</Filter>
    </ClInclude>
    <ClInclude Include="include64\openssl\safestack.h">
      <Filter>Header Files</Filter>
    </ClInclude>
    <ClInclude Include="include64\openssl\seed.h">
      <Filter>Header Files</Filter>
    </ClInclude>
    <ClInclude Include="include64\openssl\sha.h">
      <Filter>Header Files</Filter>
    </ClInclude>
    <ClInclude Include="include64\openssl\srp.h">
      <Filter>Header Files</Filter>
    </ClInclude>
    <ClInclude Include="include64\openssl\srtp.h">
      <Filter>Header Files</Filter>
    </ClInclude>
    <ClInclude Include="include64\openssl\ssl.h">
      <Filter>Header Files</Filter>
    </ClInclude>
    <ClInclude Include="include64\openssl\ssl2.h">
      <Filter>Header Files</Filter>
    </ClInclude>
    <ClInclude Include="include64\openssl\ssl3.h">
      <Filter>Header Files</Filter>
    </ClInclude>
    <ClInclude Include="include64\openssl\stack.h">
      <Filter>Header Files</Filter>
    </ClInclude>
    <ClInclude Include="include64\openssl\symhacks.h">
      <Filter>Header Files</Filter>
    </ClInclude>
    <ClInclude Include="include64\openssl\tls1.h">
      <Filter>Header Files</Filter>
    </ClInclude>
    <ClInclude Include="include64\openssl\ts.h">
      <Filter>Header Files</Filter>
    </ClInclude>
    <ClInclude Include="include64\openssl\txt_db.h">
      <Filter>Header Files</Filter>
    </ClInclude>
    <ClInclude Include="include64\openssl\ui.h">
      <Filter>Header Files</Filter>
    </ClInclude>
    <ClInclude Include="include64\openssl\whrlpool.h">
      <Filter>Header Files</Filter>
    </ClInclude>
    <ClInclude Include="include64\openssl\x509.h">
      <Filter>Header Files</Filter>
    </ClInclude>
    <ClInclude Include="include64\openssl\x509v3.h">
      <Filter>Header Files</Filter>
    </ClInclude>
    <ClInclude Include="include64\openssl\x509_vfy.h">
      <Filter>Header Files</Filter>
    </ClInclude>
    <ClInclude Include="include64\openssl\__DECC_INCLUDE_EPILOGUE.H">
      <Filter>Header Files</Filter>
    </ClInclude>
    <ClInclude Include="include64\openssl\__DECC_INCLUDE_PROLOGUE.H">
      <Filter>Header Files</Filter>
    </ClInclude>
    <ClInclude Include="include64\zlib\crc32.h">
      <Filter>Header Files</Filter>
    </ClInclude>
    <ClInclude Include="include64\zlib\deflate.h">
      <Filter>Header Files</Filter>
    </ClInclude>
    <ClInclude Include="include64\zlib\gzguts.h">
      <Filter>Header Files</Filter>
    </ClInclude>
    <ClInclude Include="include64\zlib\inffast.h">
      <Filter>Header Files</Filter>
    </ClInclude>
    <ClInclude Include="include64\zlib\inffixed.h">
      <Filter>Header Files</Filter>
    </ClInclude>
    <ClInclude Include="include64\zlib\inflate.h">
      <Filter>Header Files</Filter>
    </ClInclude>
    <ClInclude Include="include64\zlib\inftrees.h">
      <Filter>Header Files</Filter>
    </ClInclude>
    <ClInclude Include="include64\zlib\trees.h">
      <Filter>Header Files</Filter>
    </ClInclude>
    <ClInclude Include="include64\zlib\zconf.h">
      <Filter>Header Files</Filter>
    </ClInclude>
    <ClInclude Include="include64\zlib\zlib.h">
      <Filter>Header Files</Filter>
    </ClInclude>
    <ClInclude Include="include64\zlib\zutil.h">
      <Filter>Header Files</Filter>
    </ClInclude>
    <ClInclude Include="uws\WebSocketProtocol.h">
      <Filter>Header Files\uWS</Filter>
    </ClInclude>
    <ClInclude Include="uws\WebSocket.h">
      <Filter>Header Files\uWS</Filter>
    </ClInclude>
    <ClInclude Include="uws\uWS.h">
      <Filter>Header Files\uWS</Filter>
    </ClInclude>
    <ClInclude Include="uws\uUV.h">
      <Filter>Header Files\uWS</Filter>
    </ClInclude>
    <ClInclude Include="uws\Socket.h">
      <Filter>Header Files\uWS</Filter>
    </ClInclude>
    <ClInclude Include="uws\Node.h">
      <Filter>Header Files\uWS</Filter>
    </ClInclude>
    <ClInclude Include="uws\Networking.h">
      <Filter>Header Files\uWS</Filter>
    </ClInclude>
    <ClInclude Include="uws\Hub.h">
      <Filter>Header Files\uWS</Filter>
    </ClInclude>
    <ClInclude Include="uws\HTTPSocket.h">
      <Filter>Header Files\uWS</Filter>
    </ClInclude>
    <ClInclude Include="uws\Group.h">
      <Filter>Header Files\uWS</Filter>
    </ClInclude>
    <ClInclude Include="uws\Extensions.h">
      <Filter>Header Files\uWS</Filter>
    </ClInclude>
  </ItemGroup>
  <ItemGroup>
    <ClCompile Include="uws\WebSocketImpl.cpp">
      <Filter>Source Files\uWS</Filter>
    </ClCompile>
    <ClCompile Include="uws\WebSocket.cpp">
      <Filter>Source Files\uWS</Filter>
    </ClCompile>
    <ClCompile Include="uws\uUV.cpp">
      <Filter>Source Files\uWS</Filter>
    </ClCompile>
    <ClCompile Include="uws\Socket.cpp">
      <Filter>Source Files\uWS</Filter>
    </ClCompile>
    <ClCompile Include="uws\Node.cpp">
      <Filter>Source Files\uWS</Filter>
    </ClCompile>
    <ClCompile Include="uws\Networking.cpp">
      <Filter>Source Files\uWS</Filter>
    </ClCompile>
    <ClCompile Include="uws\Hub.cpp">
      <Filter>Source Files\uWS</Filter>
    </ClCompile>
    <ClCompile Include="uws\HTTPSocket.cpp">
      <Filter>Source Files\uWS</Filter>
    </ClCompile>
    <ClCompile Include="uws\Group.cpp">
      <Filter>Source Files\uWS</Filter>
    </ClCompile>
    <ClCompile Include="uws\Extensions.cpp">
      <Filter>Source Files\uWS</Filter>
    </ClCompile>
    <ClCompile Include="relay.cpp">
      <Filter>Source Files</Filter>
    </ClCompile>
  </ItemGroup>
</Project>